
Microsoft Visual Studio Solution File, Format Version 12.00
# Visual Studio Version 17
VisualStudioVersion = 17.8.34322.80
MinimumVisualStudioVersion = 10.0.40219.1
Project("{FAE04EC0-301F-11D3-BF4B-00C04F79EFBC}") = "ExtenseTracker", "ExtenseTracker.csproj", "{1CA7DE33-3E2F-4029-A3A7-E0B5AB9300EF}"
EndProject
Global
	GlobalSection(SolutionConfigurationPlatforms) = preSolution
		Debug|Any CPU = Debug|Any CPU
		Release|Any CPU = Release|Any CPU
	EndGlobalSection
	GlobalSection(ProjectConfigurationPlatforms) = postSolution
		{1CA7DE33-3E2F-4029-A3A7-E0B5AB9300EF}.Debug|Any CPU.ActiveCfg = Debug|Any CPU
		{1CA7DE33-3E2F-4029-A3A7-E0B5AB9300EF}.Debug|Any CPU.Build.0 = Debug|Any CPU
		{1CA7DE33-3E2F-4029-A3A7-E0B5AB9300EF}.Release|Any CPU.ActiveCfg = Release|Any CPU
		{1CA7DE33-3E2F-4029-A3A7-E0B5AB9300EF}.Release|Any CPU.Build.0 = Release|Any CPU
	EndGlobalSection
	GlobalSection(SolutionProperties) = preSolution
		HideSolutionNode = FALSE
	EndGlobalSection
	GlobalSection(ExtensibilityGlobals) = postSolution
		SolutionGuid = {9C97F4CD-826B-41FD-A81E-470BD1C4FDE0}
	EndGlobalSection
EndGlobal
